Microsoft Visual Studio Solution File, Format Version 11.00
# Visual Studio 2008

Project("{D13697C9-083F-D6BF-A77C-2D5B5F966293}") = "oculus-master", "Assembly-CSharp.csproj", "{4469B56D-2EEE-D231-AA30-79C4F2266F95}"
EndProject
Project("{D13697C9-083F-D6BF-A77C-2D5B5F966293}") = "oculus-master", "Assembly-CSharp-Editor.csproj", "{B6726A26-EBED-CF6E-C247-E696F22BB38B}"
EndProject
Global
	GlobalSection(SolutionConfigurationPlatforms) = preSolution
		Debug|Any CPU = Debug|Any CPU
		Release|Any CPU = Release|Any CPU
	EndGlobalSection
	GlobalSection(ProjectConfigurationPlatforms) = postSolution
		{4469B56D-2EEE-D231-AA30-79C4F2266F95}.Debug|Any CPU.ActiveCfg = Debug|Any CPU
		{4469B56D-2EEE-D231-AA30-79C4F2266F95}.Debug|Any CPU.Build.0 = Debug|Any CPU
		{4469B56D-2EEE-D231-AA30-79C4F2266F95}.Release|Any CPU.ActiveCfg = Release|Any CPU
		{4469B56D-2EEE-D231-AA30-79C4F2266F95}.Release|Any CPU.Build.0 = Release|Any CPU
		{B6726A26-EBED-CF6E-C247-E696F22BB38B}.Debug|Any CPU.ActiveCfg = Debug|Any CPU
		{B6726A26-EBED-CF6E-C247-E696F22BB38B}.Debug|Any CPU.Build.0 = Debug|Any CPU
		{B6726A26-EBED-CF6E-C247-E696F22BB38B}.Release|Any CPU.ActiveCfg = Release|Any CPU
		{B6726A26-EBED-CF6E-C247-E696F22BB38B}.Release|Any CPU.Build.0 = Release|Any CPU
	EndGlobalSection
	GlobalSection(SolutionProperties) = preSolution
		HideSolutionNode = FALSE
	EndGlobalSection
	GlobalSection(MonoDevelopProperties) = preSolution
		StartupItem = Assembly-CSharp.csproj
	EndGlobalSection
EndGlobal
